
Microsoft Visual Studio Solution File, Format Version 12.00
# Visual Studio Version 16
VisualStudioVersion = 16.0.30717.126
MinimumVisualStudioVersion = 10.0.40219.1
Project("{FAE04EC0-301F-11D3-BF4B-00C04F79EFBC}") = "CafeProject", "CafeProject\CafeProject.csproj", "{B2EB9071-8676-44FF-89F7-8652F1C39701}"
EndProject
Global
	GlobalSection(SolutionConfigurationPlatforms) = preSolution
		Debug|Any CPU = Debug|Any CPU
		Release|Any CPU = Release|Any CPU
	EndGlobalSection
	GlobalSection(ProjectConfigurationPlatforms) = postSolution
		{B2EB9071-8676-44FF-89F7-8652F1C39701}.Debug|Any CPU.ActiveCfg = Debug|Any CPU
		{B2EB9071-8676-44FF-89F7-8652F1C39701}.Debug|Any CPU.Build.0 = Debug|Any CPU
		{B2EB9071-8676-44FF-89F7-8652F1C39701}.Release|Any CPU.ActiveCfg = Release|Any CPU
		{B2EB9071-8676-44FF-89F7-8652F1C39701}.Release|Any CPU.Build.0 = Release|Any CPU
	EndGlobalSection
	GlobalSection(SolutionProperties) = preSolution
		HideSolutionNode = FALSE
	EndGlobalSection
	GlobalSection(ExtensibilityGlobals) = postSolution
		SolutionGuid = {6D18CC70-7BF1-41C6-97B9-3C3B451BCEAE}
	EndGlobalSection
EndGlobal
